// !$*UTF8*$!
{
	archiveVersion = 1;
	classes = {
	};
	objectVersion = 56;
	objects = {

/* Begin PBXBuildFile section */
		203BE4DA2C481C33007D745B /* Workout_TimerApp.swift in Sources */ = {isa = PBXBuildFile; fileRef = 203BE4D92C481C33007D745B /* Workout_TimerApp.swift */; };
		203BE4DC2C481C33007D745B /* ContentView.swift in Sources */ = {isa = PBXBuildFile; fileRef = 203BE4DB2C481C33007D745B /* ContentView.swift */; };
		203BE4DE2C481C3B007D745B /* Assets.xcassets in Resources */ = {isa = PBXBuildFile; fileRef = 203BE4DD2C481C3B007D745B /* Assets.xcassets */; };
		203BE4E22C481C3B007D745B /* Preview Assets.xcassets in Resources */ = {isa = PBXBuildFile; fileRef = 203BE4E12C481C3B007D745B /* Preview Assets.xcassets */; };
		203BE4E92C481C54007D745B /* Workout.swift in Sources */ = {isa = PBXBuildFile; fileRef = 203BE4E82C481C54007D745B /* Workout.swift */; };
		203BE4EB2C481CA0007D745B /* WorkoutStatus.swift in Sources */ = {isa = PBXBuildFile; fileRef = 203BE4EA2C481CA0007D745B /* WorkoutStatus.swift */; };
		203BE4ED2C481EB1007D745B /* Exercise.swift in Sources */ = {isa = PBXBuildFile; fileRef = 203BE4EC2C481EB1007D745B /* Exercise.swift */; };
		203BE4EF2C482218007D745B /* exercisesData.json in Resources */ = {isa = PBXBuildFile; fileRef = 203BE4EE2C482218007D745B /* exercisesData.json */; };
		203BE4F12C48229A007D745B /* Level.swift in Sources */ = {isa = PBXBuildFile; fileRef = 203BE4F02C48229A007D745B /* Level.swift */; };
		203BE4F52C48253C007D745B /* Category.swift in Sources */ = {isa = PBXBuildFile; fileRef = 203BE4F42C48253C007D745B /* Category.swift */; };
		203BE4F82C48259C007D745B /* ExercisesData.swift in Sources */ = {isa = PBXBuildFile; fileRef = 203BE4F72C48259C007D745B /* ExercisesData.swift */; };
		203BE4FB2C482F82007D745B /* WorkoutData.swift in Sources */ = {isa = PBXBuildFile; fileRef = 203BE4FA2C482F82007D745B /* WorkoutData.swift */; };
		203BE4FE2C482FA9007D745B /* ExtensionKit in Frameworks */ = {isa = PBXBuildFile; productRef = 203BE4FD2C482FA9007D745B /* ExtensionKit */; };
		203BE5032C483396007D745B /* ContentViewViewController.swift in Sources */ = {isa = PBXBuildFile; fileRef = 203BE5022C483396007D745B /* ContentViewViewController.swift */; };
		203BE50A2C483B4B007D745B /* WorkoutNavigationColumnView.swift in Sources */ = {isa = PBXBuildFile; fileRef = 203BE5092C483B4B007D745B /* WorkoutNavigationColumnView.swift */; };
		203BE50C2C483DBC007D745B /* NewWorkoutButton.swift in Sources */ = {isa = PBXBuildFile; fileRef = 203BE50B2C483DBC007D745B /* NewWorkoutButton.swift */; };
		203BE5122C484192007D745B /* WorkoutListRowView.swift in Sources */ = {isa = PBXBuildFile; fileRef = 203BE5112C484192007D745B /* WorkoutListRowView.swift */; };
		203BE5152C4841FE007D745B /* WorkoutEditorView.swift in Sources */ = {isa = PBXBuildFile; fileRef = 203BE5142C4841FE007D745B /* WorkoutEditorView.swift */; };
		203BE5182C48D0A2007D745B /* Extension+Array.swift in Sources */ = {isa = PBXBuildFile; fileRef = 203BE5172C48D0A2007D745B /* Extension+Array.swift */; };
		203BE51A2C48DC46007D745B /* Extension+Binding.swift in Sources */ = {isa = PBXBuildFile; fileRef = 203BE5192C48DC46007D745B /* Extension+Binding.swift */; };
		203BE51C2C48DE31007D745B /* WorkoutStatusTabView.swift in Sources */ = {isa = PBXBuildFile; fileRef = 203BE51B2C48DE31007D745B /* WorkoutStatusTabView.swift */; };
		203BE5202C48F00A007D745B /* WorkoutInProgressView.swift in Sources */ = {isa = PBXBuildFile; fileRef = 203BE51F2C48F00A007D745B /* WorkoutInProgressView.swift */; };
		203BE5232C48F134007D745B /* Extension+Double.swift in Sources */ = {isa = PBXBuildFile; fileRef = 203BE5222C48F134007D745B /* Extension+Double.swift */; };
		203BE5252C48F15B007D745B /* GradientRing.swift in Sources */ = {isa = PBXBuildFile; fileRef = 203BE5242C48F15B007D745B /* GradientRing.swift */; };
		203BE5272C48F1AC007D745B /* RingShape.swift in Sources */ = {isa = PBXBuildFile; fileRef = 203BE5262C48F1AC007D745B /* RingShape.swift */; };
		203BE5292C490CC9007D745B /* Extension+UIDevice.swift in Sources */ = {isa = PBXBuildFile; fileRef = 203BE5282C490CC9007D745B /* Extension+UIDevice.swift */; };
		203BE52B2C49181F007D745B /* FinishedWorkoutInfoView.swift in Sources */ = {isa = PBXBuildFile; fileRef = 203BE52A2C49181F007D745B /* FinishedWorkoutInfoView.swift */; };
		20BD9CB32C4A402F007B4D98 /* TypeAliases.swift in Sources */ = {isa = PBXBuildFile; fileRef = 20BD9CB22C4A402F007B4D98 /* TypeAliases.swift */; };
		20BD9CB52C4A41E5007B4D98 /* TabBarView.swift in Sources */ = {isa = PBXBuildFile; fileRef = 20BD9CB42C4A41E5007B4D98 /* TabBarView.swift */; };
/* End PBXBuildFile section */

/* Begin PBXFileReference section */
		203BE4D62C481C33007D745B /* Workouts.app */ = {isa = PBXFileReference; explicitFileType = wrapper.application; includeInIndex = 0; path = Workouts.app; sourceTree = BUILT_PRODUCTS_DIR; };
		203BE4D92C481C33007D745B /* Workout_TimerApp.swift */ = {isa = PBXFileReference; lastKnownFileType = sourcecode.swift; path = Workout_TimerApp.swift; sourceTree = "<group>"; };
		203BE4DB2C481C33007D745B /* ContentView.swift */ = {isa = PBXFileReference; lastKnownFileType = sourcecode.swift; path = ContentView.swift; sourceTree = "<group>"; };
		203BE4DD2C481C3B007D745B /* Assets.xcassets */ = {isa = PBXFileReference; lastKnownFileType = folder.assetcatalog; path = Assets.xcassets; sourceTree = "<group>"; };
		203BE4DF2C481C3B007D745B /* Workouts.entitlements */ = {isa = PBXFileReference; lastKnownFileType = text.plist.entitlements; path = Workouts.entitlements; sourceTree = "<group>"; };
		203BE4E12C481C3B007D745B /* Preview Assets.xcassets */ = {isa = PBXFileReference; lastKnownFileType = folder.assetcatalog; path = "Preview Assets.xcassets"; sourceTree = "<group>"; };
		203BE4E82C481C54007D745B /* Workout.swift */ = {isa = PBXFileReference; lastKnownFileType = sourcecode.swift; path = Workout.swift; sourceTree = "<group>"; };
		203BE4EA2C481CA0007D745B /* WorkoutStatus.swift */ = {isa = PBXFileReference; lastKnownFileType = sourcecode.swift; path = WorkoutStatus.swift; sourceTree = "<group>"; };
		203BE4EC2C481EB1007D745B /* Exercise.swift */ = {isa = PBXFileReference; lastKnownFileType = sourcecode.swift; path = Exercise.swift; sourceTree = "<group>"; };
		203BE4EE2C482218007D745B /* exercisesData.json */ = {isa = PBXFileReference; fileEncoding = 4; lastKnownFileType = text.json; path = exercisesData.json; sourceTree = "<group>"; };
		203BE4F02C48229A007D745B /* Level.swift */ = {isa = PBXFileReference; lastKnownFileType = sourcecode.swift; path = Level.swift; sourceTree = "<group>"; };
		203BE4F42C48253C007D745B /* Category.swift */ = {isa = PBXFileReference; lastKnownFileType = sourcecode.swift; path = Category.swift; sourceTree = "<group>"; };
		203BE4F72C48259C007D745B /* ExercisesData.swift */ = {isa = PBXFileReference; lastKnownFileType = sourcecode.swift; path = ExercisesData.swift; sourceTree = "<group>"; };
		203BE4FA2C482F82007D745B /* WorkoutData.swift */ = {isa = PBXFileReference; lastKnownFileType = sourcecode.swift; path = WorkoutData.swift; sourceTree = "<group>"; };
		203BE5022C483396007D745B /* ContentViewViewController.swift */ = {isa = PBXFileReference; lastKnownFileType = sourcecode.swift; path = ContentViewViewController.swift; sourceTree = "<group>"; };
		203BE5092C483B4B007D745B /* WorkoutNavigationColumnView.swift */ = {isa = PBXFileReference; lastKnownFileType = sourcecode.swift; path = WorkoutNavigationColumnView.swift; sourceTree = "<group>"; };
		203BE50B2C483DBC007D745B /* NewWorkoutButton.swift */ = {isa = PBXFileReference; lastKnownFileType = sourcecode.swift; path = NewWorkoutButton.swift; sourceTree = "<group>"; };
		203BE5112C484192007D745B /* WorkoutListRowView.swift */ = {isa = PBXFileReference; fileEncoding = 4; lastKnownFileType = sourcecode.swift; path = WorkoutListRowView.swift; sourceTree = "<group>"; };
		203BE5142C4841FE007D745B /* WorkoutEditorView.swift */ = {isa = PBXFileReference; lastKnownFileType = sourcecode.swift; path = WorkoutEditorView.swift; sourceTree = "<group>"; };
		203BE5172C48D0A2007D745B /* Extension+Array.swift */ = {isa = PBXFileReference; lastKnownFileType = sourcecode.swift; path = "Extension+Array.swift"; sourceTree = "<group>"; };
		203BE5192C48DC46007D745B /* Extension+Binding.swift */ = {isa = PBXFileReference; lastKnownFileType = sourcecode.swift; path = "Extension+Binding.swift"; sourceTree = "<group>"; };
		203BE51B2C48DE31007D745B /* WorkoutStatusTabView.swift */ = {isa = PBXFileReference; lastKnownFileType = sourcecode.swift; path = WorkoutStatusTabView.swift; sourceTree = "<group>"; };
		203BE51F2C48F00A007D745B /* WorkoutInProgressView.swift */ = {isa = PBXFileReference; lastKnownFileType = sourcecode.swift; path = WorkoutInProgressView.swift; sourceTree = "<group>"; };
		203BE5222C48F134007D745B /* Extension+Double.swift */ = {isa = PBXFileReference; lastKnownFileType = sourcecode.swift; path = "Extension+Double.swift"; sourceTree = "<group>"; };
		203BE5242C48F15B007D745B /* GradientRing.swift */ = {isa = PBXFileReference; lastKnownFileType = sourcecode.swift; path = GradientRing.swift; sourceTree = "<group>"; };
		203BE5262C48F1AC007D745B /* RingShape.swift */ = {isa = PBXFileReference; lastKnownFileType = sourcecode.swift; path = RingShape.swift; sourceTree = "<group>"; };
		203BE5282C490CC9007D745B /* Extension+UIDevice.swift */ = {isa = PBXFileReference; lastKnownFileType = sourcecode.swift; path = "Extension+UIDevice.swift"; sourceTree = "<group>"; };
		203BE52A2C49181F007D745B /* FinishedWorkoutInfoView.swift */ = {isa = PBXFileReference; lastKnownFileType = sourcecode.swift; path = FinishedWorkoutInfoView.swift; sourceTree = "<group>"; };
		20BD9CB22C4A402F007B4D98 /* TypeAliases.swift */ = {isa = PBXFileReference; lastKnownFileType = sourcecode.swift; path = TypeAliases.swift; sourceTree = "<group>"; };
		20BD9CB42C4A41E5007B4D98 /* TabBarView.swift */ = {isa = PBXFileReference; lastKnownFileType = sourcecode.swift; path = TabBarView.swift; sourceTree = "<group>"; };
/* End PBXFileReference section */

/* Begin PBXFrameworksBuildPhase section */
		203BE4D32C481C33007D745B /* Frameworks */ = {
			isa = PBXFrameworksBuildPhase;
			buildActionMask = 2147483647;
			files = (
				203BE4FE2C482FA9007D745B /* ExtensionKit in Frameworks */,
			);
			runOnlyForDeploymentPostprocessing = 0;
		};
/* End PBXFrameworksBuildPhase section */

/* Begin PBXGroup section */
		203BE4CD2C481C33007D745B = {
			isa = PBXGroup;
			children = (
				203BE4D82C481C33007D745B /* Workouts */,
				203BE4D72C481C33007D745B /* Products */,
			);
			sourceTree = "<group>";
		};
		203BE4D72C481C33007D745B /* Products */ = {
			isa = PBXGroup;
			children = (
				203BE4D62C481C33007D745B /* Workouts.app */,
			);
			name = Products;
			sourceTree = "<group>";
		};
		203BE4D82C481C33007D745B /* Workouts */ = {
			isa = PBXGroup;
			children = (
				203BE4D92C481C33007D745B /* Workout_TimerApp.swift */,
				203BE5042C483A84007D745B /* Views */,
				203BE4FF2C483353007D745B /* Logic */,
				203BE4DD2C481C3B007D745B /* Assets.xcassets */,
				203BE4DF2C481C3B007D745B /* Workouts.entitlements */,
				203BE4E02C481C3B007D745B /* Preview Content */,
			);
			path = Workouts;
			sourceTree = "<group>";
		};
		203BE4E02C481C3B007D745B /* Preview Content */ = {
			isa = PBXGroup;
			children = (
				203BE4E12C481C3B007D745B /* Preview Assets.xcassets */,
			);
			path = "Preview Content";
			sourceTree = "<group>";
		};
		203BE4F62C48254C007D745B /* Exercise */ = {
			isa = PBXGroup;
			children = (
				203BE4EE2C482218007D745B /* exercisesData.json */,
				203BE4F72C48259C007D745B /* ExercisesData.swift */,
				203BE4EC2C481EB1007D745B /* Exercise.swift */,
				203BE4F42C48253C007D745B /* Category.swift */,
				203BE4F02C48229A007D745B /* Level.swift */,
			);
			path = Exercise;
			sourceTree = "<group>";
		};
		203BE4F92C482AE2007D745B /* Workout */ = {
			isa = PBXGroup;
			children = (
				203BE4FA2C482F82007D745B /* WorkoutData.swift */,
				203BE4E82C481C54007D745B /* Workout.swift */,
				203BE4EA2C481CA0007D745B /* WorkoutStatus.swift */,
				203BE4F62C48254C007D745B /* Exercise */,
			);
			path = Workout;
			sourceTree = "<group>";
		};
		203BE4FF2C483353007D745B /* Logic */ = {
			isa = PBXGroup;
			children = (
				20BD9CB22C4A402F007B4D98 /* TypeAliases.swift */,
				203BE5162C48D060007D745B /* Extensions */,
				203BE5002C48335B007D745B /* View Controllers */,
				203BE5012C48337C007D745B /* Model */,
			);
			path = Logic;
			sourceTree = "<group>";
		};
		203BE5002C48335B007D745B /* View Controllers */ = {
			isa = PBXGroup;
			children = (
				203BE5022C483396007D745B /* ContentViewViewController.swift */,
			);
			path = "View Controllers";
			sourceTree = "<group>";
		};
		203BE5012C48337C007D745B /* Model */ = {
			isa = PBXGroup;
			children = (
				203BE4F92C482AE2007D745B /* Workout */,
			);
			path = Model;
			sourceTree = "<group>";
		};
		203BE5042C483A84007D745B /* Views */ = {
			isa = PBXGroup;
			children = (
				203BE4DB2C481C33007D745B /* ContentView.swift */,
				203BE51E2C48EFDB007D745B /* Workout In Progress View */,
				203BE51D2C48EFC0007D745B /* Tab View */,
			);
			path = Views;
			sourceTree = "<group>";
		};
		203BE50F2C4840F7007D745B /* Toolbar */ = {
			isa = PBXGroup;
			children = (
				203BE50B2C483DBC007D745B /* NewWorkoutButton.swift */,
			);
			path = Toolbar;
			sourceTree = "<group>";
		};
		203BE5102C484100007D745B /* Navigation Column */ = {
			isa = PBXGroup;
			children = (
				203BE5092C483B4B007D745B /* WorkoutNavigationColumnView.swift */,
				203BE5112C484192007D745B /* WorkoutListRowView.swift */,
			);
			path = "Navigation Column";
			sourceTree = "<group>";
		};
		203BE5132C4841DF007D745B /* Detail */ = {
			isa = PBXGroup;
			children = (
				203BE5142C4841FE007D745B /* WorkoutEditorView.swift */,
				203BE52A2C49181F007D745B /* FinishedWorkoutInfoView.swift */,
			);
			path = Detail;
			sourceTree = "<group>";
		};
		203BE5162C48D060007D745B /* Extensions */ = {
			isa = PBXGroup;
			children = (
				203BE5172C48D0A2007D745B /* Extension+Array.swift */,
				203BE5192C48DC46007D745B /* Extension+Binding.swift */,
				203BE5222C48F134007D745B /* Extension+Double.swift */,
				203BE5282C490CC9007D745B /* Extension+UIDevice.swift */,
			);
			path = Extensions;
			sourceTree = "<group>";
		};
		203BE51D2C48EFC0007D745B /* Tab View */ = {
			isa = PBXGroup;
			children = (
				203BE51B2C48DE31007D745B /* WorkoutStatusTabView.swift */,
				20BD9CB42C4A41E5007B4D98 /* TabBarView.swift */,
				203BE50F2C4840F7007D745B /* Toolbar */,
				203BE5102C484100007D745B /* Navigation Column */,
				203BE5132C4841DF007D745B /* Detail */,
			);
			path = "Tab View";
			sourceTree = "<group>";
		};
		203BE51E2C48EFDB007D745B /* Workout In Progress View */ = {
			isa = PBXGroup;
			children = (
				203BE51F2C48F00A007D745B /* WorkoutInProgressView.swift */,
				203BE5212C48F11E007D745B /* Gradient Ring */,
			);
			path = "Workout In Progress View";
			sourceTree = "<group>";
		};
		203BE5212C48F11E007D745B /* Gradient Ring */ = {
			isa = PBXGroup;
			children = (
				203BE5242C48F15B007D745B /* GradientRing.swift */,
				203BE5262C48F1AC007D745B /* RingShape.swift */,
			);
			path = "Gradient Ring";
			sourceTree = "<group>";
		};
/* End PBXGroup section */

/* Begin PBXNativeTarget section */
		203BE4D52C481C33007D745B /* Workouts */ = {
			isa = PBXNativeTarget;
			buildConfigurationList = 203BE4E52C481C3B007D745B /* Build configuration list for PBXNativeTarget "Workouts" */;
			buildPhases = (
				203BE4D22C481C33007D745B /* Sources */,
				203BE4D32C481C33007D745B /* Frameworks */,
				203BE4D42C481C33007D745B /* Resources */,
			);
			buildRules = (
			);
			dependencies = (
			);
			name = Workouts;
			packageProductDependencies = (
				203BE4FD2C482FA9007D745B /* ExtensionKit */,
			);
			productName = "Workout Timer";
			productReference = 203BE4D62C481C33007D745B /* Workouts.app */;
			productType = "com.apple.product-type.application";
		};
/* End PBXNativeTarget section */

/* Begin PBXProject section */
		203BE4CE2C481C33007D745B /* Project object */ = {
			isa = PBXProject;
			attributes = {
				BuildIndependentTargetsInParallel = 1;
				LastSwiftUpdateCheck = 1530;
				LastUpgradeCheck = 1530;
				TargetAttributes = {
					203BE4D52C481C33007D745B = {
						CreatedOnToolsVersion = 15.3;
					};
				};
			};
			buildConfigurationList = 203BE4D12C481C33007D745B /* Build configuration list for PBXProject "Workouts" */;
			compatibilityVersion = "Xcode 14.0";
			developmentRegion = en;
			hasScannedForEncodings = 0;
			knownRegions = (
				en,
				Base,
			);
			mainGroup = 203BE4CD2C481C33007D745B;
			packageReferences = (
				203BE4FC2C482FA9007D745B /* XCRemoteSwiftPackageReference "ExtensionKit" */,
			);
			productRefGroup = 203BE4D72C481C33007D745B /* Products */;
			projectDirPath = "";
			projectRoot = "";
			targets = (
				203BE4D52C481C33007D745B /* Workouts */,
			);
		};
/* End PBXProject section */

/* Begin PBXResourcesBuildPhase section */
		203BE4D42C481C33007D745B /* Resources */ = {
			isa = PBXResourcesBuildPhase;
			buildActionMask = 2147483647;
			files = (
				203BE4E22C481C3B007D745B /* Preview Assets.xcassets in Resources */,
				203BE4EF2C482218007D745B /* exercisesData.json in Resources */,
				203BE4DE2C481C3B007D745B /* Assets.xcassets in Resources */,
			);
			runOnlyForDeploymentPostprocessing = 0;
		};
/* End PBXResourcesBuildPhase section */

/* Begin PBXSourcesBuildPhase section */
		203BE4D22C481C33007D745B /* Sources */ = {
			isa = PBXSourcesBuildPhase;
			buildActionMask = 2147483647;
			files = (
				20BD9CB32C4A402F007B4D98 /* TypeAliases.swift in Sources */,
				203BE5182C48D0A2007D745B /* Extension+Array.swift in Sources */,
				203BE5292C490CC9007D745B /* Extension+UIDevice.swift in Sources */,
				203BE50C2C483DBC007D745B /* NewWorkoutButton.swift in Sources */,
				203BE51C2C48DE31007D745B /* WorkoutStatusTabView.swift in Sources */,
				203BE4F12C48229A007D745B /* Level.swift in Sources */,
				203BE5232C48F134007D745B /* Extension+Double.swift in Sources */,
				203BE4ED2C481EB1007D745B /* Exercise.swift in Sources */,
				203BE4F82C48259C007D745B /* ExercisesData.swift in Sources */,
				203BE51A2C48DC46007D745B /* Extension+Binding.swift in Sources */,
				203BE50A2C483B4B007D745B /* WorkoutNavigationColumnView.swift in Sources */,
				203BE5152C4841FE007D745B /* WorkoutEditorView.swift in Sources */,
				203BE5272C48F1AC007D745B /* RingShape.swift in Sources */,
				203BE4DC2C481C33007D745B /* ContentView.swift in Sources */,
				203BE4EB2C481CA0007D745B /* WorkoutStatus.swift in Sources */,
				203BE5122C484192007D745B /* WorkoutListRowView.swift in Sources */,
				203BE4FB2C482F82007D745B /* WorkoutData.swift in Sources */,
				203BE4DA2C481C33007D745B /* Workout_TimerApp.swift in Sources */,
				20BD9CB52C4A41E5007B4D98 /* TabBarView.swift in Sources */,
				203BE5252C48F15B007D745B /* GradientRing.swift in Sources */,
				203BE5032C483396007D745B /* ContentViewViewController.swift in Sources */,
				203BE4E92C481C54007D745B /* Workout.swift in Sources */,
				203BE52B2C49181F007D745B /* FinishedWorkoutInfoView.swift in Sources */,
				203BE5202C48F00A007D745B /* WorkoutInProgressView.swift in Sources */,
				203BE4F52C48253C007D745B /* Category.swift in Sources */,
			);
			runOnlyForDeploymentPostprocessing = 0;
		};
/* End PBXSourcesBuildPhase section */

/* Begin XCBuildConfiguration section */
		203BE4E32C481C3B007D745B /* Debug */ = {
			isa = XCBuildConfiguration;
			buildSettings = {
				ALWAYS_SEARCH_USER_PATHS = NO;
				ASSETCATALOG_COMPILER_GENERATE_SWIFT_ASSET_SYMBOL_EXTENSIONS = YES;
				CLANG_ANALYZER_NONNULL = YES;
				CLANG_ANALYZER_NUMBER_OBJECT_CONVERSION = YES_AGGRESSIVE;
				CLANG_CXX_LANGUAGE_STANDARD = "gnu++20";
				CLANG_ENABLE_MODULES = YES;
				CLANG_ENABLE_OBJC_ARC = YES;
				CLANG_ENABLE_OBJC_WEAK = YES;
				CLANG_WARN_BLOCK_CAPTURE_AUTORELEASING = YES;
				CLANG_WARN_BOOL_CONVERSION = YES;
				CLANG_WARN_COMMA = YES;
				CLANG_WARN_CONSTANT_CONVERSION = YES;
				CLANG_WARN_DEPRECATED_OBJC_IMPLEMENTATIONS = YES;
				CLANG_WARN_DIRECT_OBJC_ISA_USAGE = YES_ERROR;
				CLANG_WARN_DOCUMENTATION_COMMENTS = YES;
				CLANG_WARN_EMPTY_BODY = YES;
				CLANG_WARN_ENUM_CONVERSION = YES;
				CLANG_WARN_INFINITE_RECURSION = YES;
				CLANG_WARN_INT_CONVERSION = YES;
				CLANG_WARN_NON_LITERAL_NULL_CONVERSION = YES;
				CLANG_WARN_OBJC_IMPLICIT_RETAIN_SELF = YES;
				CLANG_WARN_OBJC_LITERAL_CONVERSION = YES;
				CLANG_WARN_OBJC_ROOT_CLASS = YES_ERROR;
				CLANG_WARN_QUOTED_INCLUDE_IN_FRAMEWORK_HEADER = YES;
				CLANG_WARN_RANGE_LOOP_ANALYSIS = YES;
				CLANG_WARN_STRICT_PROTOTYPES = YES;
				CLANG_WARN_SUSPICIOUS_MOVE = YES;
				CLANG_WARN_UNGUARDED_AVAILABILITY = YES_AGGRESSIVE;
				CLANG_WARN_UNREACHABLE_CODE = YES;
				CLANG_WARN__DUPLICATE_METHOD_MATCH = YES;
				COPY_PHASE_STRIP = NO;
				DEBUG_INFORMATION_FORMAT = dwarf;
				ENABLE_STRICT_OBJC_MSGSEND = YES;
				ENABLE_TESTABILITY = YES;
				ENABLE_USER_SCRIPT_SANDBOXING = YES;
				GCC_C_LANGUAGE_STANDARD = gnu17;
				GCC_DYNAMIC_NO_PIC = NO;
				GCC_NO_COMMON_BLOCKS = YES;
				GCC_OPTIMIZATION_LEVEL = 0;
				GCC_PREPROCESSOR_DEFINITIONS = (
					"DEBUG=1",
					"$(inherited)",
				);
				GCC_WARN_64_TO_32_BIT_CONVERSION = YES;
				GCC_WARN_ABOUT_RETURN_TYPE = YES_ERROR;
				GCC_WARN_UNDECLARED_SELECTOR = YES;
				GCC_WARN_UNINITIALIZED_AUTOS = YES_AGGRESSIVE;
				GCC_WARN_UNUSED_FUNCTION = YES;
				GCC_WARN_UNUSED_VARIABLE = YES;
				IPHONEOS_DEPLOYMENT_TARGET = 17.0;
				LOCALIZATION_PREFERS_STRING_CATALOGS = YES;
				MTL_ENABLE_DEBUG_INFO = INCLUDE_SOURCE;
				MTL_FAST_MATH = YES;
				ONLY_ACTIVE_ARCH = YES;
				SWIFT_ACTIVE_COMPILATION_CONDITIONS = "DEBUG $(inherited)";
				SWIFT_OPTIMIZATION_LEVEL = "-Onone";
			};
			name = Debug;
		};
		203BE4E42C481C3B007D745B /* Release */ = {
			isa = XCBuildConfiguration;
			buildSettings = {
				ALWAYS_SEARCH_USER_PATHS = NO;
				ASSETCATALOG_COMPILER_GENERATE_SWIFT_ASSET_SYMBOL_EXTENSIONS = YES;
				CLANG_ANALYZER_NONNULL = YES;
				CLANG_ANALYZER_NUMBER_OBJECT_CONVERSION = YES_AGGRESSIVE;
				CLANG_CXX_LANGUAGE_STANDARD = "gnu++20";
				CLANG_ENABLE_MODULES = YES;
				CLANG_ENABLE_OBJC_ARC = YES;
				CLANG_ENABLE_OBJC_WEAK = YES;
				CLANG_WARN_BLOCK_CAPTURE_AUTORELEASING = YES;
				CLANG_WARN_BOOL_CONVERSION = YES;
				CLANG_WARN_COMMA = YES;
				CLANG_WARN_CONSTANT_CONVERSION = YES;
				CLANG_WARN_DEPRECATED_OBJC_IMPLEMENTATIONS = YES;
				CLANG_WARN_DIRECT_OBJC_ISA_USAGE = YES_ERROR;
				CLANG_WARN_DOCUMENTATION_COMMENTS = YES;
				CLANG_WARN_EMPTY_BODY = YES;
				CLANG_WARN_ENUM_CONVERSION = YES;
				CLANG_WARN_INFINITE_RECURSION = YES;
				CLANG_WARN_INT_CONVERSION = YES;
				CLANG_WARN_NON_LITERAL_NULL_CONVERSION = YES;
				CLANG_WARN_OBJC_IMPLICIT_RETAIN_SELF = YES;
				CLANG_WARN_OBJC_LITERAL_CONVERSION = YES;
				CLANG_WARN_OBJC_ROOT_CLASS = YES_ERROR;
				CLANG_WARN_QUOTED_INCLUDE_IN_FRAMEWORK_HEADER = YES;
				CLANG_WARN_RANGE_LOOP_ANALYSIS = YES;
				CLANG_WARN_STRICT_PROTOTYPES = YES;
				CLANG_WARN_SUSPICIOUS_MOVE = YES;
				CLANG_WARN_UNGUARDED_AVAILABILITY = YES_AGGRESSIVE;
				CLANG_WARN_UNREACHABLE_CODE = YES;
				CLANG_WARN__DUPLICATE_METHOD_MATCH = YES;
				COPY_PHASE_STRIP = NO;
				DEBUG_INFORMATION_FORMAT = "dwarf-with-dsym";
				ENABLE_NS_ASSERTIONS = NO;
				ENABLE_STRICT_OBJC_MSGSEND = YES;
				ENABLE_USER_SCRIPT_SANDBOXING = YES;
				GCC_C_LANGUAGE_STANDARD = gnu17;
				GCC_NO_COMMON_BLOCKS = YES;
				GCC_WARN_64_TO_32_BIT_CONVERSION = YES;
				GCC_WARN_ABOUT_RETURN_TYPE = YES_ERROR;
				GCC_WARN_UNDECLARED_SELECTOR = YES;
				GCC_WARN_UNINITIALIZED_AUTOS = YES_AGGRESSIVE;
				GCC_WARN_UNUSED_FUNCTION = YES;
				GCC_WARN_UNUSED_VARIABLE = YES;
				IPHONEOS_DEPLOYMENT_TARGET = 17.0;
				LOCALIZATION_PREFERS_STRING_CATALOGS = YES;
				MTL_ENABLE_DEBUG_INFO = NO;
				MTL_FAST_MATH = YES;
				SWIFT_COMPILATION_MODE = wholemodule;
			};
			name = Release;
		};
		203BE4E62C481C3B007D745B /* Debug */ = {
			isa = XCBuildConfiguration;
			buildSettings = {
				ASSETCATALOG_COMPILER_APPICON_NAME = AppIcon;
				ASSETCATALOG_COMPILER_GLOBAL_ACCENT_COLOR_NAME = AccentColor;
				CODE_SIGN_ENTITLEMENTS = "";
				CODE_SIGN_STYLE = Automatic;
				CURRENT_PROJECT_VERSION = 1;
				DEVELOPMENT_ASSET_PATHS = "\"Workouts/Preview Content\"";
				DEVELOPMENT_TEAM = KM2C4ZAVPJ;
				ENABLE_HARDENED_RUNTIME = YES;
				ENABLE_PREVIEWS = YES;
				GENERATE_INFOPLIST_FILE = YES;
				INFOPLIST_KEY_CFBundleDisplayName = Workouts;
				"INFOPLIST_KEY_UIApplicationSceneManifest_Generation[sdk=iphoneos*]" = YES;
				"INFOPLIST_KEY_UIApplicationSceneManifest_Generation[sdk=iphonesimulator*]" = YES;
				"INFOPLIST_KEY_UIApplicationSupportsIndirectInputEvents[sdk=iphoneos*]" = YES;
				"INFOPLIST_KEY_UIApplicationSupportsIndirectInputEvents[sdk=iphonesimulator*]" = YES;
				"INFOPLIST_KEY_UILaunchScreen_Generation[sdk=iphoneos*]" = YES;
				"INFOPLIST_KEY_UILaunchScreen_Generation[sdk=iphonesimulator*]" = YES;
				"INFOPLIST_KEY_UIStatusBarStyle[sdk=iphoneos*]" = UIStatusBarStyleDefault;
				"INFOPLIST_KEY_UIStatusBarStyle[sdk=iphonesimulator*]" = UIStatusBarStyleDefault;
				INFOPLIST_KEY_UISupportedInterfaceOrientations = "UIInterfaceOrientationLandscapeLeft UIInterfaceOrientationLandscapeRight UIInterfaceOrientationPortrait UIInterfaceOrientationPortraitUpsideDown";
				IPHONEOS_DEPLOYMENT_TARGET = 17.0;
				LD_RUNPATH_SEARCH_PATHS = "@executable_path/Frameworks";
				"LD_RUNPATH_SEARCH_PATHS[sdk=macosx*]" = "@executable_path/../Frameworks";
				MACOSX_DEPLOYMENT_TARGET = 14.0;
				MARKETING_VERSION = 1.0;
				PRODUCT_BUNDLE_IDENTIFIER = com.pattonium.scripts.Workouts;
				PRODUCT_NAME = "$(TARGET_NAME)";
				SDKROOT = auto;
				SUPPORTED_PLATFORMS = "iphoneos iphonesimulator macosx";
				SUPPORTS_MACCATALYST = NO;
				SUPPORTS_MAC_DESIGNED_FOR_IPHONE_IPAD = NO;
				SWIFT_EMIT_LOC_STRINGS = YES;
				SWIFT_VERSION = 5.0;
				TARGETED_DEVICE_FAMILY = "1,2";
			};
			name = Debug;
		};
		203BE4E72C481C3B007D745B /* Release */ = {
			isa = XCBuildConfiguration;
			buildSettings = {
				ASSETCATALOG_COMPILER_APPICON_NAME = AppIcon;
				ASSETCATALOG_COMPILER_GLOBAL_ACCENT_COLOR_NAME = AccentColor;
				CODE_SIGN_ENTITLEMENTS = "";
				CODE_SIGN_STYLE = Automatic;
				CURRENT_PROJECT_VERSION = 1;
				DEVELOPMENT_ASSET_PATHS = "\"Workouts/Preview Content\"";
				DEVELOPMENT_TEAM = KM2C4ZAVPJ;
				ENABLE_HARDENED_RUNTIME = YES;
				ENABLE_PREVIEWS = YES;
				GENERATE_INFOPLIST_FILE = YES;
				INFOPLIST_KEY_CFBundleDisplayName = Workouts;
				"INFOPLIST_KEY_UIApplicationSceneManifest_Generation[sdk=iphoneos*]" = YES;
				"INFOPLIST_KEY_UIApplicationSceneManifest_Generation[sdk=iphonesimulator*]" = YES;
				"INFOPLIST_KEY_UIApplicationSupportsIndirectInputEvents[sdk=iphoneos*]" = YES;
				"INFOPLIST_KEY_UIApplicationSupportsIndirectInputEvents[sdk=iphonesimulator*]" = YES;
				"INFOPLIST_KEY_UILaunchScreen_Generation[sdk=iphoneos*]" = YES;
				"INFOPLIST_KEY_UILaunchScreen_Generation[sdk=iphonesimulator*]" = YES;
				"INFOPLIST_KEY_UIStatusBarStyle[sdk=iphoneos*]" = UIStatusBarStyleDefault;
				"INFOPLIST_KEY_UIStatusBarStyle[sdk=iphonesimulator*]" = UIStatusBarStyleDefault;
				INFOPLIST_KEY_UISupportedInterfaceOrientations = "UIInterfaceOrientationLandscapeLeft UIInterfaceOrientationLandscapeRight UIInterfaceOrientationPortrait UIInterfaceOrientationPortraitUpsideDown";
				IPHONEOS_DEPLOYMENT_TARGET = 17.0;
				LD_RUNPATH_SEARCH_PATHS = "@executable_path/Frameworks";
				"LD_RUNPATH_SEARCH_PATHS[sdk=macosx*]" = "@executable_path/../Frameworks";
				MACOSX_DEPLOYMENT_TARGET = 14.0;
				MARKETING_VERSION = 1.0;
				PRODUCT_BUNDLE_IDENTIFIER = com.pattonium.scripts.Workouts;
				PRODUCT_NAME = "$(TARGET_NAME)";
				SDKROOT = auto;
				SUPPORTED_PLATFORMS = "iphoneos iphonesimulator macosx";
				SUPPORTS_MACCATALYST = NO;
				SUPPORTS_MAC_DESIGNED_FOR_IPHONE_IPAD = NO;
				SWIFT_EMIT_LOC_STRINGS = YES;
				SWIFT_VERSION = 5.0;
				TARGETED_DEVICE_FAMILY = "1,2";
			};
			name = Release;
		};
/* End XCBuildConfiguration section */

/* Begin XCConfigurationList section */
		203BE4D12C481C33007D745B /* Build configuration list for PBXProject "Workouts" */ = {
			isa = XCConfigurationList;
			buildConfigurations = (
				203BE4E32C481C3B007D745B /* Debug */,
				203BE4E42C481C3B007D745B /* Release */,
			);
			defaultConfigurationIsVisible = 0;
			defaultConfigurationName = Release;
		};
		203BE4E52C481C3B007D745B /* Build configuration list for PBXNativeTarget "Workouts" */ = {
			isa = XCConfigurationList;
			buildConfigurations = (
				203BE4E62C481C3B007D745B /* Debug */,
				203BE4E72C481C3B007D745B /* Release */,
			);
			defaultConfigurationIsVisible = 0;
			defaultConfigurationName = Release;
		};
/* End XCConfigurationList section */

/* Begin XCRemoteSwiftPackageReference section */
		203BE4FC2C482FA9007D745B /* XCRemoteSwiftPackageReference "ExtensionKit" */ = {
			isa = XCRemoteSwiftPackageReference;
			repositoryURL = "https://github.com/johnbean393/ExtensionKit";
			requirement = {
				branch = main;
				kind = branch;
			};
		};
/* End XCRemoteSwiftPackageReference section */

/* Begin XCSwiftPackageProductDependency section */
		203BE4FD2C482FA9007D745B /* ExtensionKit */ = {
			isa = XCSwiftPackageProductDependency;
			package = 203BE4FC2C482FA9007D745B /* XCRemoteSwiftPackageReference "ExtensionKit" */;
			productName = ExtensionKit;
		};
/* End XCSwiftPackageProductDependency section */
	};
	rootObject = 203BE4CE2C481C33007D745B /* Project object */;
}
